// !$*UTF8*$!
{
	archiveVersion = 1;
	classes = {
	};
	objectVersion = 51;
	objects = {

/* Begin PBXBuildFile section */
		419B242C40DBF496A21FF4B9 /* Pods_octrace.framework in Frameworks */ = {isa = PBXBuildFile; fileRef = 212ADC273A0BEDD2DA92AED2 /* Pods_octrace.framework */; };
		FA0571272446412E00D39462 /* AppDelegate.swift in Sources */ = {isa = PBXBuildFile; fileRef = FA0571262446412E00D39462 /* AppDelegate.swift */; };
		FA05712B2446412E00D39462 /* RootViewController.swift in Sources */ = {isa = PBXBuildFile; fileRef = FA05712A2446412E00D39462 /* RootViewController.swift */; };
		FA05712E2446412E00D39462 /* Main.storyboard in Resources */ = {isa = PBXBuildFile; fileRef = FA05712C2446412E00D39462 /* Main.storyboard */; };
		FA0571302446413000D39462 /* Assets.xcassets in Resources */ = {isa = PBXBuildFile; fileRef = FA05712F2446413000D39462 /* Assets.xcassets */; };
		FA0571332446413000D39462 /* LaunchScreen.storyboard in Resources */ = {isa = PBXBuildFile; fileRef = FA0571312446413000D39462 /* LaunchScreen.storyboard */; };
		FA05713F244644C400D39462 /* LocationManager.swift in Sources */ = {isa = PBXBuildFile; fileRef = FA05713C244644C300D39462 /* LocationManager.swift */; };
		FA057140244644C400D39462 /* SecurityUtil.swift in Sources */ = {isa = PBXBuildFile; fileRef = FA05713A244644C300D39462 /* SecurityUtil.swift */; };
		FA057141244644C400D39462 /* DeviceTokenManager.swift in Sources */ = {isa = PBXBuildFile; fileRef = FA05713E244644C400D39462 /* DeviceTokenManager.swift */; };
		FA057142244644C400D39462 /* NetworkUtil.swift in Sources */ = {isa = PBXBuildFile; fileRef = FA05713B244644C300D39462 /* NetworkUtil.swift */; };
		FA057143244644C400D39462 /* RoundButton.swift in Sources */ = {isa = PBXBuildFile; fileRef = FA05713D244644C400D39462 /* RoundButton.swift */; };
		FA057145244644DB00D39462 /* MapKit.framework in Frameworks */ = {isa = PBXBuildFile; fileRef = FA057144244644DA00D39462 /* MapKit.framework */; };
		FA057147244644E300D39462 /* WebKit.framework in Frameworks */ = {isa = PBXBuildFile; fileRef = FA057146244644E300D39462 /* WebKit.framework */; };
		FA057149244644F800D39462 /* README.md in Resources */ = {isa = PBXBuildFile; fileRef = FA057148244644F800D39462 /* README.md */; };
		FA0571572446455000D39462 /* InfoViewController.swift in Sources */ = {isa = PBXBuildFile; fileRef = FA05714C2446454E00D39462 /* InfoViewController.swift */; };
		FA0571592446455000D39462 /* IndicatorViewController.swift in Sources */ = {isa = PBXBuildFile; fileRef = FA0571522446454F00D39462 /* IndicatorViewController.swift */; };
		FA05715A2446455000D39462 /* ControllerExtension.swift in Sources */ = {isa = PBXBuildFile; fileRef = FA05714E2446454F00D39462 /* ControllerExtension.swift */; };
		FA05715B2446455000D39462 /* MapViewController.swift in Sources */ = {isa = PBXBuildFile; fileRef = FA0571502446454F00D39462 /* MapViewController.swift */; };
		FA05715C2446455000D39462 /* StatusViewController.swift in Sources */ = {isa = PBXBuildFile; fileRef = FA05714F2446454F00D39462 /* StatusViewController.swift */; };
		FA057169244647A400D39462 /* ContactsManager.swift in Sources */ = {isa = PBXBuildFile; fileRef = FA0571622446456C00D39462 /* ContactsManager.swift */; };
		FA05716A244647A400D39462 /* DataManager.swift in Sources */ = {isa = PBXBuildFile; fileRef = FA0571652446456C00D39462 /* DataManager.swift */; };
		FA05716B244647A400D39462 /* EncryptionKeysManager.swift in Sources */ = {isa = PBXBuildFile; fileRef = FA0571632446456C00D39462 /* EncryptionKeysManager.swift */; };
		FA05716C244647A400D39462 /* KeyManager.swift in Sources */ = {isa = PBXBuildFile; fileRef = FA0571642446456C00D39462 /* KeyManager.swift */; };
		FA05716D244647A400D39462 /* KeysManager.swift in Sources */ = {isa = PBXBuildFile; fileRef = FA05715F2446456C00D39462 /* KeysManager.swift */; };
		FA05716F244647A400D39462 /* TrackingManager.swift in Sources */ = {isa = PBXBuildFile; fileRef = FA0571612446456C00D39462 /* TrackingManager.swift */; };
		FA057170244647A400D39462 /* TracksManager.swift in Sources */ = {isa = PBXBuildFile; fileRef = FA0571602446456C00D39462 /* TracksManager.swift */; };
		FA057171244647A400D39462 /* UserStatusManager.swift in Sources */ = {isa = PBXBuildFile; fileRef = FA0571662446456C00D39462 /* UserStatusManager.swift */; };
		FA05717624464AC200D39462 /* OnboardingViewController.swift in Sources */ = {isa = PBXBuildFile; fileRef = FA05717424464AC200D39462 /* OnboardingViewController.swift */; };
		FA05717724464AC200D39462 /* OnboardingViewController.xib in Resources */ = {isa = PBXBuildFile; fileRef = FA05717524464AC200D39462 /* OnboardingViewController.xib */; };
		FA05717A24464AD000D39462 /* QrLinkViewController.swift in Sources */ = {isa = PBXBuildFile; fileRef = FA05717824464AD000D39462 /* QrLinkViewController.swift */; };
		FA05717B24464AD000D39462 /* QrLinkViewController.xib in Resources */ = {isa = PBXBuildFile; fileRef = FA05717924464AD000D39462 /* QrLinkViewController.xib */; };
		FA0571AD2448773A00D39462 /* GoogleService-Info.plist in Resources */ = {isa = PBXBuildFile; fileRef = FA0571AC2448773A00D39462 /* GoogleService-Info.plist */; };
		FA0571AF2448990500D39462 /* LocationBordersManager.swift in Sources */ = {isa = PBXBuildFile; fileRef = FA0571AE2448990500D39462 /* LocationBordersManager.swift */; };
/* End PBXBuildFile section */

/* Begin PBXFileReference section */
		117D1C6D38F63D587FA1E1BD /* Pods-octrace.release.xcconfig */ = {isa = PBXFileReference; includeInIndex = 1; lastKnownFileType = text.xcconfig; name = "Pods-octrace.release.xcconfig"; path = "Target Support Files/Pods-octrace/Pods-octrace.release.xcconfig"; sourceTree = "<group>"; };
		15CB5B50BF58601BDC235F89 /* Pods-octrace.debug.xcconfig */ = {isa = PBXFileReference; includeInIndex = 1; lastKnownFileType = text.xcconfig; name = "Pods-octrace.debug.xcconfig"; path = "Target Support Files/Pods-octrace/Pods-octrace.debug.xcconfig"; sourceTree = "<group>"; };
		212ADC273A0BEDD2DA92AED2 /* Pods_octrace.framework */ = {isa = PBXFileReference; explicitFileType = wrapper.framework; includeInIndex = 0; path = Pods_octrace.framework; sourceTree = BUILT_PRODUCTS_DIR; };
		FA0571232446412E00D39462 /* OCTrace DEV.app */ = {isa = PBXFileReference; explicitFileType = wrapper.application; includeInIndex = 0; path = "OCTrace DEV.app"; sourceTree = BUILT_PRODUCTS_DIR; };
		FA0571262446412E00D39462 /* AppDelegate.swift */ = {isa = PBXFileReference; lastKnownFileType = sourcecode.swift; path = AppDelegate.swift; sourceTree = "<group>"; };
		FA05712A2446412E00D39462 /* RootViewController.swift */ = {isa = PBXFileReference; lastKnownFileType = sourcecode.swift; path = RootViewController.swift; sourceTree = "<group>"; };
		FA05712D2446412E00D39462 /* Base */ = {isa = PBXFileReference; lastKnownFileType = file.storyboard; name = Base; path = Base.lproj/Main.storyboard; sourceTree = "<group>"; };
		FA05712F2446413000D39462 /* Assets.xcassets */ = {isa = PBXFileReference; lastKnownFileType = folder.assetcatalog; path = Assets.xcassets; sourceTree = "<group>"; };
		FA0571322446413000D39462 /* Base */ = {isa = PBXFileReference; lastKnownFileType = file.storyboard; name = Base; path = Base.lproj/LaunchScreen.storyboard; sourceTree = "<group>"; };
		FA0571342446413000D39462 /* Info.plist */ = {isa = PBXFileReference; lastKnownFileType = text.plist.xml; path = Info.plist; sourceTree = "<group>"; };
		FA05713A244644C300D39462 /* SecurityUtil.swift */ = {isa = PBXFileReference; lastKnownFileType = sourcecode.swift; path = SecurityUtil.swift; sourceTree = "<group>"; };
		FA05713B244644C300D39462 /* NetworkUtil.swift */ = {isa = PBXFileReference; lastKnownFileType = sourcecode.swift; path = NetworkUtil.swift; sourceTree = "<group>"; };
		FA05713C244644C300D39462 /* LocationManager.swift */ = {isa = PBXFileReference; lastKnownFileType = sourcecode.swift; path = LocationManager.swift; sourceTree = "<group>"; };
		FA05713D244644C400D39462 /* RoundButton.swift */ = {isa = PBXFileReference; lastKnownFileType = sourcecode.swift; path = RoundButton.swift; sourceTree = "<group>"; };
		FA05713E244644C400D39462 /* DeviceTokenManager.swift */ = {isa = PBXFileReference; lastKnownFileType = sourcecode.swift; path = DeviceTokenManager.swift; sourceTree = "<group>"; };
		FA057144244644DA00D39462 /* MapKit.framework */ = {isa = PBXFileReference; lastKnownFileType = wrapper.framework; name = MapKit.framework; path = System/Library/Frameworks/MapKit.framework; sourceTree = SDKROOT; };
		FA057146244644E300D39462 /* WebKit.framework */ = {isa = PBXFileReference; lastKnownFileType = wrapper.framework; name = WebKit.framework; path = System/Library/Frameworks/WebKit.framework; sourceTree = SDKROOT; };
		FA057148244644F800D39462 /* README.md */ = {isa = PBXFileReference; fileEncoding = 4; lastKnownFileType = net.daringfireball.markdown; path = README.md; sourceTree = "<group>"; };
		FA05714C2446454E00D39462 /* InfoViewController.swift */ = {isa = PBXFileReference; lastKnownFileType = sourcecode.swift; path = InfoViewController.swift; sourceTree = "<group>"; };
		FA05714E2446454F00D39462 /* ControllerExtension.swift */ = {isa = PBXFileReference; lastKnownFileType = sourcecode.swift; path = ControllerExtension.swift; sourceTree = "<group>"; };
		FA05714F2446454F00D39462 /* StatusViewController.swift */ = {isa = PBXFileReference; lastKnownFileType = sourcecode.swift; path = StatusViewController.swift; sourceTree = "<group>"; };
		FA0571502446454F00D39462 /* MapViewController.swift */ = {isa = PBXFileReference; lastKnownFileType = sourcecode.swift; path = MapViewController.swift; sourceTree = "<group>"; };
		FA0571522446454F00D39462 /* IndicatorViewController.swift */ = {isa = PBXFileReference; lastKnownFileType = sourcecode.swift; path = IndicatorViewController.swift; sourceTree = "<group>"; };
		FA05715F2446456C00D39462 /* KeysManager.swift */ = {isa = PBXFileReference; lastKnownFileType = sourcecode.swift; path = KeysManager.swift; sourceTree = "<group>"; };
		FA0571602446456C00D39462 /* TracksManager.swift */ = {isa = PBXFileReference; lastKnownFileType = sourcecode.swift; path = TracksManager.swift; sourceTree = "<group>"; };
		FA0571612446456C00D39462 /* TrackingManager.swift */ = {isa = PBXFileReference; lastKnownFileType = sourcecode.swift; path = TrackingManager.swift; sourceTree = "<group>"; };
		FA0571622446456C00D39462 /* ContactsManager.swift */ = {isa = PBXFileReference; lastKnownFileType = sourcecode.swift; path = ContactsManager.swift; sourceTree = "<group>"; };
		FA0571632446456C00D39462 /* EncryptionKeysManager.swift */ = {isa = PBXFileReference; lastKnownFileType = sourcecode.swift; path = EncryptionKeysManager.swift; sourceTree = "<group>"; };
		FA0571642446456C00D39462 /* KeyManager.swift */ = {isa = PBXFileReference; lastKnownFileType = sourcecode.swift; path = KeyManager.swift; sourceTree = "<group>"; };
		FA0571652446456C00D39462 /* DataManager.swift */ = {isa = PBXFileReference; lastKnownFileType = sourcecode.swift; path = DataManager.swift; sourceTree = "<group>"; };
		FA0571662446456C00D39462 /* UserStatusManager.swift */ = {isa = PBXFileReference; lastKnownFileType = sourcecode.swift; path = UserStatusManager.swift; sourceTree = "<group>"; };
		FA0571672446458300D39462 /* Localizable.strings */ = {isa = PBXFileReference; lastKnownFileType = text.plist.strings; path = Localizable.strings; sourceTree = "<group>"; };
		FA057168244646AD00D39462 /* OCTrace.entitlements */ = {isa = PBXFileReference; lastKnownFileType = text.plist.entitlements; path = OCTrace.entitlements; sourceTree = "<group>"; };
		FA05717424464AC200D39462 /* OnboardingViewController.swift */ = {isa = PBXFileReference; lastKnownFileType = sourcecode.swift; path = OnboardingViewController.swift; sourceTree = "<group>"; };
		FA05717524464AC200D39462 /* OnboardingViewController.xib */ = {isa = PBXFileReference; lastKnownFileType = file.xib; path = OnboardingViewController.xib; sourceTree = "<group>"; };
		FA05717824464AD000D39462 /* QrLinkViewController.swift */ = {isa = PBXFileReference; lastKnownFileType = sourcecode.swift; path = QrLinkViewController.swift; sourceTree = "<group>"; };
		FA05717924464AD000D39462 /* QrLinkViewController.xib */ = {isa = PBXFileReference; lastKnownFileType = file.xib; path = QrLinkViewController.xib; sourceTree = "<group>"; };
		FA0571AC2448773A00D39462 /* GoogleService-Info.plist */ = {isa = PBXFileReference; fileEncoding = 4; lastKnownFileType = text.plist.xml; path = "GoogleService-Info.plist"; sourceTree = "<group>"; };
		FA0571AE2448990500D39462 /* LocationBordersManager.swift */ = {isa = PBXFileReference; lastKnownFileType = sourcecode.swift; path = LocationBordersManager.swift; sourceTree = "<group>"; };
/* End PBXFileReference section */

/* Begin PBXFrameworksBuildPhase section */
		FA0571202446412E00D39462 /* Frameworks */ = {
			isa = PBXFrameworksBuildPhase;
			buildActionMask = 2147483647;
			files = (
				FA057145244644DB00D39462 /* MapKit.framework in Frameworks */,
				419B242C40DBF496A21FF4B9 /* Pods_octrace.framework in Frameworks */,
				FA057147244644E300D39462 /* WebKit.framework in Frameworks */,
			);
			runOnlyForDeploymentPostprocessing = 0;
		};
/* End PBXFrameworksBuildPhase section */

/* Begin PBXGroup section */
		E9992B61DF477DD3BE1353EE /* Frameworks */ = {
			isa = PBXGroup;
			children = (
				FA057146244644E300D39462 /* WebKit.framework */,
				FA057144244644DA00D39462 /* MapKit.framework */,
				212ADC273A0BEDD2DA92AED2 /* Pods_octrace.framework */,
			);
			name = Frameworks;
			sourceTree = "<group>";
		};
		EE8A3518629D67CBA90A5493 /* Pods */ = {
			isa = PBXGroup;
			children = (
				15CB5B50BF58601BDC235F89 /* Pods-octrace.debug.xcconfig */,
				117D1C6D38F63D587FA1E1BD /* Pods-octrace.release.xcconfig */,
			);
			path = Pods;
			sourceTree = "<group>";
		};
		FA05711A2446412E00D39462 = {
			isa = PBXGroup;
			children = (
				FA057148244644F800D39462 /* README.md */,
				FA0571252446412E00D39462 /* octrace */,
				FA0571242446412E00D39462 /* Products */,
				EE8A3518629D67CBA90A5493 /* Pods */,
				E9992B61DF477DD3BE1353EE /* Frameworks */,
			);
			sourceTree = "<group>";
		};
		FA0571242446412E00D39462 /* Products */ = {
			isa = PBXGroup;
			children = (
				FA0571232446412E00D39462 /* OCTrace DEV.app */,
			);
			name = Products;
			sourceTree = "<group>";
		};
		FA0571252446412E00D39462 /* octrace */ = {
			isa = PBXGroup;
			children = (
				FA057168244646AD00D39462 /* OCTrace.entitlements */,
				FA0571AC2448773A00D39462 /* GoogleService-Info.plist */,
				FA0571342446413000D39462 /* Info.plist */,
				FA0571672446458300D39462 /* Localizable.strings */,
				FA0571262446412E00D39462 /* AppDelegate.swift */,
				FA05713E244644C400D39462 /* DeviceTokenManager.swift */,
				FA05713C244644C300D39462 /* LocationManager.swift */,
				FA05713B244644C300D39462 /* NetworkUtil.swift */,
				FA05713D244644C400D39462 /* RoundButton.swift */,
				FA05713A244644C300D39462 /* SecurityUtil.swift */,
				FA05712F2446413000D39462 /* Assets.xcassets */,
				FA05714A2446452400D39462 /* Controllers */,
				FA05714B2446454300D39462 /* Persistence */,
				FA0571312446413000D39462 /* LaunchScreen.storyboard */,
				FA05712C2446412E00D39462 /* Main.storyboard */,
			);
			path = octrace;
			sourceTree = "<group>";
		};
		FA05714A2446452400D39462 /* Controllers */ = {
			isa = PBXGroup;
			children = (
				FA05714E2446454F00D39462 /* ControllerExtension.swift */,
				FA0571522446454F00D39462 /* IndicatorViewController.swift */,
				FA05714C2446454E00D39462 /* InfoViewController.swift */,
				FA0571502446454F00D39462 /* MapViewController.swift */,
				FA05717424464AC200D39462 /* OnboardingViewController.swift */,
				FA05717824464AD000D39462 /* QrLinkViewController.swift */,
				FA05712A2446412E00D39462 /* RootViewController.swift */,
				FA05714F2446454F00D39462 /* StatusViewController.swift */,
				FA05717524464AC200D39462 /* OnboardingViewController.xib */,
				FA05717924464AD000D39462 /* QrLinkViewController.xib */,
			);
			path = Controllers;
			sourceTree = "<group>";
		};
		FA05714B2446454300D39462 /* Persistence */ = {
			isa = PBXGroup;
			children = (
				FA0571622446456C00D39462 /* ContactsManager.swift */,
				FA0571652446456C00D39462 /* DataManager.swift */,
				FA0571632446456C00D39462 /* EncryptionKeysManager.swift */,
				FA0571642446456C00D39462 /* KeyManager.swift */,
				FA05715F2446456C00D39462 /* KeysManager.swift */,
				FA0571AE2448990500D39462 /* LocationBordersManager.swift */,
				FA0571612446456C00D39462 /* TrackingManager.swift */,
				FA0571602446456C00D39462 /* TracksManager.swift */,
				FA0571662446456C00D39462 /* UserStatusManager.swift */,
			);
			path = Persistence;
			sourceTree = "<group>";
		};
/* End PBXGroup section */

/* Begin PBXNativeTarget section */
		FA0571222446412E00D39462 /* octrace DEV */ = {
			isa = PBXNativeTarget;
			buildConfigurationList = FA0571372446413000D39462 /* Build configuration list for PBXNativeTarget "octrace DEV" */;
			buildPhases = (
				9A8A38F6739D115A89B97C5B /* [CP] Check Pods Manifest.lock */,
				FA05711F2446412E00D39462 /* Sources */,
				FA0571202446412E00D39462 /* Frameworks */,
				FA0571212446412E00D39462 /* Resources */,
				432B66A2517D31F1C6F9DDCF /* [CP] Embed Pods Frameworks */,
			);
			buildRules = (
			);
			dependencies = (
			);
			name = "octrace DEV";
			productName = octrace;
			productReference = FA0571232446412E00D39462 /* OCTrace DEV.app */;
			productType = "com.apple.product-type.application";
		};
/* End PBXNativeTarget section */

/* Begin PBXProject section */
		FA05711B2446412E00D39462 /* Project object */ = {
			isa = PBXProject;
			attributes = {
				LastSwiftUpdateCheck = 1140;
				LastUpgradeCheck = 1140;
				ORGANIZATIONNAME = OpenCovidTrace;
				TargetAttributes = {
					FA0571222446412E00D39462 = {
						CreatedOnToolsVersion = 11.4;
					};
				};
			};
			buildConfigurationList = FA05711E2446412E00D39462 /* Build configuration list for PBXProject "octrace" */;
			compatibilityVersion = "Xcode 9.3";
			developmentRegion = en;
			hasScannedForEncodings = 0;
			knownRegions = (
				en,
				Base,
			);
			mainGroup = FA05711A2446412E00D39462;
			productRefGroup = FA0571242446412E00D39462 /* Products */;
			projectDirPath = "";
			projectRoot = "";
			targets = (
				FA0571222446412E00D39462 /* octrace DEV */,
			);
		};
/* End PBXProject section */

/* Begin PBXResourcesBuildPhase section */
		FA0571212446412E00D39462 /* Resources */ = {
			isa = PBXResourcesBuildPhase;
			buildActionMask = 2147483647;
			files = (
				FA0571332446413000D39462 /* LaunchScreen.storyboard in Resources */,
				FA0571302446413000D39462 /* Assets.xcassets in Resources */,
				FA057149244644F800D39462 /* README.md in Resources */,
				FA05712E2446412E00D39462 /* Main.storyboard in Resources */,
				FA05717724464AC200D39462 /* OnboardingViewController.xib in Resources */,
				FA05717B24464AD000D39462 /* QrLinkViewController.xib in Resources */,
				FA0571AD2448773A00D39462 /* GoogleService-Info.plist in Resources */,
			);
			runOnlyForDeploymentPostprocessing = 0;
		};
/* End PBXResourcesBuildPhase section */

/* Begin PBXShellScriptBuildPhase section */
		432B66A2517D31F1C6F9DDCF /* [CP] Embed Pods Frameworks */ = {
			isa = PBXShellScriptBuildPhase;
			buildActionMask = 2147483647;
			files = (
			);
			inputFileListPaths = (
				"${PODS_ROOT}/Target Support Files/Pods-octrace/Pods-octrace-frameworks-${CONFIGURATION}-input-files.xcfilelist",
			);
			name = "[CP] Embed Pods Frameworks";
			outputFileListPaths = (
				"${PODS_ROOT}/Target Support Files/Pods-octrace/Pods-octrace-frameworks-${CONFIGURATION}-output-files.xcfilelist",
			);
			runOnlyForDeploymentPostprocessing = 0;
			shellPath = /bin/sh;
			shellScript = "\"${PODS_ROOT}/Target Support Files/Pods-octrace/Pods-octrace-frameworks.sh\"\n";
			showEnvVarsInLog = 0;
		};
		9A8A38F6739D115A89B97C5B /* [CP] Check Pods Manifest.lock */ = {
			isa = PBXShellScriptBuildPhase;
			buildActionMask = 2147483647;
			files = (
			);
			inputFileListPaths = (
			);
			inputPaths = (
				"${PODS_PODFILE_DIR_PATH}/Podfile.lock",
				"${PODS_ROOT}/Manifest.lock",
			);
			name = "[CP] Check Pods Manifest.lock";
			outputFileListPaths = (
			);
			outputPaths = (
				"$(DERIVED_FILE_DIR)/Pods-octrace-checkManifestLockResult.txt",
			);
			runOnlyForDeploymentPostprocessing = 0;
			shellPath = /bin/sh;
			shellScript = "diff \"${PODS_PODFILE_DIR_PATH}/Podfile.lock\" \"${PODS_ROOT}/Manifest.lock\" > /dev/null\nif [ $? != 0 ] ; then\n    # print error to STDERR\n    echo \"error: The sandbox is not in sync with the Podfile.lock. Run 'pod install' or update your CocoaPods installation.\" >&2\n    exit 1\nfi\n# This output is used by Xcode 'outputs' to avoid re-running this script phase.\necho \"SUCCESS\" > \"${SCRIPT_OUTPUT_FILE_0}\"\n";
			showEnvVarsInLog = 0;
		};
/* End PBXShellScriptBuildPhase section */

/* Begin PBXSourcesBuildPhase section */
		FA05711F2446412E00D39462 /* Sources */ = {
			isa = PBXSourcesBuildPhase;
			buildActionMask = 2147483647;
			files = (
				FA05715C2446455000D39462 /* StatusViewController.swift in Sources */,
				FA05716A244647A400D39462 /* DataManager.swift in Sources */,
				FA057169244647A400D39462 /* ContactsManager.swift in Sources */,
				FA0571592446455000D39462 /* IndicatorViewController.swift in Sources */,
				FA05715A2446455000D39462 /* ControllerExtension.swift in Sources */,
				FA05716C244647A400D39462 /* KeyManager.swift in Sources */,
				FA05716B244647A400D39462 /* EncryptionKeysManager.swift in Sources */,
				FA05712B2446412E00D39462 /* RootViewController.swift in Sources */,
				FA05716F244647A400D39462 /* TrackingManager.swift in Sources */,
				FA05717624464AC200D39462 /* OnboardingViewController.swift in Sources */,
				FA0571272446412E00D39462 /* AppDelegate.swift in Sources */,
				FA057170244647A400D39462 /* TracksManager.swift in Sources */,
				FA057143244644C400D39462 /* RoundButton.swift in Sources */,
				FA0571AF2448990500D39462 /* LocationBordersManager.swift in Sources */,
				FA05717A24464AD000D39462 /* QrLinkViewController.swift in Sources */,
				FA05715B2446455000D39462 /* MapViewController.swift in Sources */,
				FA0571572446455000D39462 /* InfoViewController.swift in Sources */,
				FA057142244644C400D39462 /* NetworkUtil.swift in Sources */,
				FA05716D244647A400D39462 /* KeysManager.swift in Sources */,
				FA05713F244644C400D39462 /* LocationManager.swift in Sources */,
				FA057171244647A400D39462 /* UserStatusManager.swift in Sources */,
				FA057141244644C400D39462 /* DeviceTokenManager.swift in Sources */,
				FA057140244644C400D39462 /* SecurityUtil.swift in Sources */,
			);
			runOnlyForDeploymentPostprocessing = 0;
		};
/* End PBXSourcesBuildPhase section */

/* Begin PBXVariantGroup section */
		FA05712C2446412E00D39462 /* Main.storyboard */ = {
			isa = PBXVariantGroup;
			children = (
				FA05712D2446412E00D39462 /* Base */,
			);
			name = Main.storyboard;
			sourceTree = "<group>";
		};
		FA0571312446413000D39462 /* LaunchScreen.storyboard */ = {
			isa = PBXVariantGroup;
			children = (
				FA0571322446413000D39462 /* Base */,
			);
			name = LaunchScreen.storyboard;
			sourceTree = "<group>";
		};
/* End PBXVariantGroup section */

/* Begin XCBuildConfiguration section */
		FA0571352446413000D39462 /* Debug */ = {
			isa = XCBuildConfiguration;
			buildSettings = {
				ALWAYS_SEARCH_USER_PATHS = NO;
				CLANG_ANALYZER_NONNULL = YES;
				CLANG_ANALYZER_NUMBER_OBJECT_CONVERSION = YES_AGGRESSIVE;
				CLANG_CXX_LANGUAGE_STANDARD = "gnu++14";
				CLANG_CXX_LIBRARY = "libc++";
				CLANG_ENABLE_MODULES = YES;
				CLANG_ENABLE_OBJC_ARC = YES;
				CLANG_ENABLE_OBJC_WEAK = YES;
				CLANG_WARN_BLOCK_CAPTURE_AUTORELEASING = YES;
				CLANG_WARN_BOOL_CONVERSION = YES;
				CLANG_WARN_COMMA = YES;
				CLANG_WARN_CONSTANT_CONVERSION = YES;
				CLANG_WARN_DEPRECATED_OBJC_IMPLEMENTATIONS = YES;
				CLANG_WARN_DIRECT_OBJC_ISA_USAGE = YES_ERROR;
				CLANG_WARN_DOCUMENTATION_COMMENTS = YES;
				CLANG_WARN_EMPTY_BODY = YES;
				CLANG_WARN_ENUM_CONVERSION = YES;
				CLANG_WARN_INFINITE_RECURSION = YES;
				CLANG_WARN_INT_CONVERSION = YES;
				CLANG_WARN_NON_LITERAL_NULL_CONVERSION = YES;
				CLANG_WARN_OBJC_IMPLICIT_RETAIN_SELF = YES;
				CLANG_WARN_OBJC_LITERAL_CONVERSION = YES;
				CLANG_WARN_OBJC_ROOT_CLASS = YES_ERROR;
				CLANG_WARN_RANGE_LOOP_ANALYSIS = YES;
				CLANG_WARN_STRICT_PROTOTYPES = YES;
				CLANG_WARN_SUSPICIOUS_MOVE = YES;
				CLANG_WARN_UNGUARDED_AVAILABILITY = YES_AGGRESSIVE;
				CLANG_WARN_UNREACHABLE_CODE = YES;
				CLANG_WARN__DUPLICATE_METHOD_MATCH = YES;
				COPY_PHASE_STRIP = NO;
				DEBUG_INFORMATION_FORMAT = dwarf;
				ENABLE_STRICT_OBJC_MSGSEND = YES;
				ENABLE_TESTABILITY = YES;
				GCC_C_LANGUAGE_STANDARD = gnu11;
				GCC_DYNAMIC_NO_PIC = NO;
				GCC_NO_COMMON_BLOCKS = YES;
				GCC_OPTIMIZATION_LEVEL = 0;
				GCC_PREPROCESSOR_DEFINITIONS = (
					"DEBUG=1",
					"$(inherited)",
				);
				GCC_WARN_64_TO_32_BIT_CONVERSION = YES;
				GCC_WARN_ABOUT_RETURN_TYPE = YES_ERROR;
				GCC_WARN_UNDECLARED_SELECTOR = YES;
				GCC_WARN_UNINITIALIZED_AUTOS = YES_AGGRESSIVE;
				GCC_WARN_UNUSED_FUNCTION = YES;
				GCC_WARN_UNUSED_VARIABLE = YES;
				IPHONEOS_DEPLOYMENT_TARGET = 13.4;
				MTL_ENABLE_DEBUG_INFO = INCLUDE_SOURCE;
				MTL_FAST_MATH = YES;
				ONLY_ACTIVE_ARCH = YES;
				SDKROOT = iphoneos;
				SWIFT_ACTIVE_COMPILATION_CONDITIONS = DEBUG;
				SWIFT_OPTIMIZATION_LEVEL = "-Onone";
			};
			name = Debug;
		};
		FA0571362446413000D39462 /* Release */ = {
			isa = XCBuildConfiguration;
			buildSettings = {
				ALWAYS_SEARCH_USER_PATHS = NO;
				CLANG_ANALYZER_NONNULL = YES;
				CLANG_ANALYZER_NUMBER_OBJECT_CONVERSION = YES_AGGRESSIVE;
				CLANG_CXX_LANGUAGE_STANDARD = "gnu++14";
				CLANG_CXX_LIBRARY = "libc++";
				CLANG_ENABLE_MODULES = YES;
				CLANG_ENABLE_OBJC_ARC = YES;
				CLANG_ENABLE_OBJC_WEAK = YES;
				CLANG_WARN_BLOCK_CAPTURE_AUTORELEASING = YES;
				CLANG_WARN_BOOL_CONVERSION = YES;
				CLANG_WARN_COMMA = YES;
				CLANG_WARN_CONSTANT_CONVERSION = YES;
				CLANG_WARN_DEPRECATED_OBJC_IMPLEMENTATIONS = YES;
				CLANG_WARN_DIRECT_OBJC_ISA_USAGE = YES_ERROR;
				CLANG_WARN_DOCUMENTATION_COMMENTS = YES;
				CLANG_WARN_EMPTY_BODY = YES;
				CLANG_WARN_ENUM_CONVERSION = YES;
				CLANG_WARN_INFINITE_RECURSION = YES;
				CLANG_WARN_INT_CONVERSION = YES;
				CLANG_WARN_NON_LITERAL_NULL_CONVERSION = YES;
				CLANG_WARN_OBJC_IMPLICIT_RETAIN_SELF = YES;
				CLANG_WARN_OBJC_LITERAL_CONVERSION = YES;
				CLANG_WARN_OBJC_ROOT_CLASS = YES_ERROR;
				CLANG_WARN_RANGE_LOOP_ANALYSIS = YES;
				CLANG_WARN_STRICT_PROTOTYPES = YES;
				CLANG_WARN_SUSPICIOUS_MOVE = YES;
				CLANG_WARN_UNGUARDED_AVAILABILITY = YES_AGGRESSIVE;
				CLANG_WARN_UNREACHABLE_CODE = YES;
				CLANG_WARN__DUPLICATE_METHOD_MATCH = YES;
				COPY_PHASE_STRIP = NO;
				DEBUG_INFORMATION_FORMAT = "dwarf-with-dsym";
				ENABLE_NS_ASSERTIONS = NO;
				ENABLE_STRICT_OBJC_MSGSEND = YES;
				GCC_C_LANGUAGE_STANDARD = gnu11;
				GCC_NO_COMMON_BLOCKS = YES;
				GCC_WARN_64_TO_32_BIT_CONVERSION = YES;
				GCC_WARN_ABOUT_RETURN_TYPE = YES_ERROR;
				GCC_WARN_UNDECLARED_SELECTOR = YES;
				GCC_WARN_UNINITIALIZED_AUTOS = YES_AGGRESSIVE;
				GCC_WARN_UNUSED_FUNCTION = YES;
				GCC_WARN_UNUSED_VARIABLE = YES;
				IPHONEOS_DEPLOYMENT_TARGET = 13.4;
				MTL_ENABLE_DEBUG_INFO = NO;
				MTL_FAST_MATH = YES;
				SDKROOT = iphoneos;
				SWIFT_COMPILATION_MODE = wholemodule;
				SWIFT_OPTIMIZATION_LEVEL = "-O";
				VALIDATE_PRODUCT = YES;
			};
			name = Release;
		};
		FA0571382446413000D39462 /* Debug */ = {
			isa = XCBuildConfiguration;
			baseConfigurationReference = 15CB5B50BF58601BDC235F89 /* Pods-octrace.debug.xcconfig */;
			buildSettings = {
				ASSETCATALOG_COMPILER_APPICON_NAME = AppIcon;
				CODE_SIGN_ENTITLEMENTS = octrace/OCTrace.entitlements;
				CODE_SIGN_STYLE = Automatic;
				CURRENT_PROJECT_VERSION = 1;
				DEVELOPMENT_TEAM = S5ENNERNQZ;
				INFOPLIST_FILE = octrace/Info.plist;
				IPHONEOS_DEPLOYMENT_TARGET = 11.0;
				LD_RUNPATH_SEARCH_PATHS = (
					"$(inherited)",
					"@executable_path/Frameworks",
				);
				MARKETING_VERSION = 0.0.1;
				PRODUCT_BUNDLE_IDENTIFIER = org.opencovidtrace.octrace.dev;
				PRODUCT_NAME = "OCTrace DEV";
				SWIFT_VERSION = 5.0;
				TARGETED_DEVICE_FAMILY = "1,2";
			};
			name = Debug;
		};
		FA0571392446413000D39462 /* Release */ = {
			isa = XCBuildConfiguration;
			baseConfigurationReference = 117D1C6D38F63D587FA1E1BD /* Pods-octrace.release.xcconfig */;
			buildSettings = {
				ASSETCATALOG_COMPILER_APPICON_NAME = AppIcon;
				CODE_SIGN_ENTITLEMENTS = octrace/OCTrace.entitlements;
				CODE_SIGN_STYLE = Automatic;
				CURRENT_PROJECT_VERSION = 1;
				DEVELOPMENT_TEAM = S5ENNERNQZ;
				INFOPLIST_FILE = octrace/Info.plist;
				IPHONEOS_DEPLOYMENT_TARGET = 11.0;
				LD_RUNPATH_SEARCH_PATHS = (
					"$(inherited)",
					"@executable_path/Frameworks",
				);
				MARKETING_VERSION = 0.0.1;
				PRODUCT_BUNDLE_IDENTIFIER = org.opencovidtrace.octrace.dev;
				PRODUCT_NAME = "OCTrace DEV";
				SWIFT_VERSION = 5.0;
				TARGETED_DEVICE_FAMILY = "1,2";
			};
			name = Release;
		};
/* End XCBuildConfiguration section */

/* Begin XCConfigurationList section */
		FA05711E2446412E00D39462 /* Build configuration list for PBXProject "octrace" */ = {
			isa = XCConfigurationList;
			buildConfigurations = (
				FA0571352446413000D39462 /* Debug */,
				FA0571362446413000D39462 /* Release */,
			);
			defaultConfigurationIsVisible = 0;
			defaultConfigurationName = Release;
		};
		FA0571372446413000D39462 /* Build configuration list for PBXNativeTarget "octrace DEV" */ = {
			isa = XCConfigurationList;
			buildConfigurations = (
				FA0571382446413000D39462 /* Debug */,
				FA0571392446413000D39462 /* Release */,
			);
			defaultConfigurationIsVisible = 0;
			defaultConfigurationName = Release;
		};
/* End XCConfigurationList section */
	};
	rootObject = FA05711B2446412E00D39462 /* Project object */;
}
